// !$*UTF8*$!
{
	archiveVersion = 1;
	classes = {
	};
	objectVersion = 46;
	objects = {

/* Begin PBXBuildFile section */
		A35426EE1B806A4C00BD4BFA /* main.m in Sources */ = {isa = PBXBuildFile; fileRef = A35426ED1B806A4C00BD4BFA /* main.m */; };
		A35426F11B806A4C00BD4BFA /* AppDelegate.m in Sources */ = {isa = PBXBuildFile; fileRef = A35426F01B806A4C00BD4BFA /* AppDelegate.m */; };
		A35426F41B806A4C00BD4BFA /* ViewController.m in Sources */ = {isa = PBXBuildFile; fileRef = A35426F31B806A4C00BD4BFA /* ViewController.m */; };
		A35426F71B806A4C00BD4BFA /* Main.storyboard in Resources */ = {isa = PBXBuildFile; fileRef = A35426F51B806A4C00BD4BFA /* Main.storyboard */; };
		A35426F91B806A4C00BD4BFA /* Images.xcassets in Resources */ = {isa = PBXBuildFile; fileRef = A35426F81B806A4C00BD4BFA /* Images.xcassets */; };
		A35426FC1B806A4C00BD4BFA /* LaunchScreen.xib in Resources */ = {isa = PBXBuildFile; fileRef = A35426FA1B806A4C00BD4BFA /* LaunchScreen.xib */; };
		A35427081B806A4C00BD4BFA /* Custom_Localization_DemoTests.m in Sources */ = {isa = PBXBuildFile; fileRef = A35427071B806A4C00BD4BFA /* Custom_Localization_DemoTests.m */; };
		A35427151B806B5E00BD4BFA /* Localizable.strings in Resources */ = {isa = PBXBuildFile; fileRef = A35427171B806B5E00BD4BFA /* Localizable.strings */; };
		A354271F1B806C6900BD4BFA /* Common.m in Sources */ = {isa = PBXBuildFile; fileRef = A354271E1B806C6900BD4BFA /* Common.m */; };
/* End PBXBuildFile section */

/* Begin PBXContainerItemProxy section */
		A35427021B806A4C00BD4BFA /* PBXContainerItemProxy */ = {
			isa = PBXContainerItemProxy;
			containerPortal = A35426E01B806A4B00BD4BFA /* Project object */;
			proxyType = 1;
			remoteGlobalIDString = A35426E71B806A4C00BD4BFA;
			remoteInfo = "Custom Localization Demo";
		};
/* End PBXContainerItemProxy section */

/* Begin PBXFileReference section */
		A35426E81B806A4C00BD4BFA /* Custom Localization Demo.app */ = {isa = PBXFileReference; explicitFileType = wrapper.application; includeInIndex = 0; path = "Custom Localization Demo.app"; sourceTree = BUILT_PRODUCTS_DIR; };
		A35426EC1B806A4C00BD4BFA /* Info.plist */ = {isa = PBXFileReference; lastKnownFileType = text.plist.xml; path = Info.plist; sourceTree = "<group>"; };
		A35426ED1B806A4C00BD4BFA /* main.m */ = {isa = PBXFileReference; lastKnownFileType = sourcecode.c.objc; path = main.m; sourceTree = "<group>"; };
		A35426EF1B806A4C00BD4BFA /* AppDelegate.h */ = {isa = PBXFileReference; lastKnownFileType = sourcecode.c.h; path = AppDelegate.h; sourceTree = "<group>"; };
		A35426F01B806A4C00BD4BFA /* AppDelegate.m */ = {isa = PBXFileReference; lastKnownFileType = sourcecode.c.objc; path = AppDelegate.m; sourceTree = "<group>"; };
		A35426F21B806A4C00BD4BFA /* ViewController.h */ = {isa = PBXFileReference; lastKnownFileType = sourcecode.c.h; path = ViewController.h; sourceTree = "<group>"; };
		A35426F31B806A4C00BD4BFA /* ViewController.m */ = {isa = PBXFileReference; lastKnownFileType = sourcecode.c.objc; path = ViewController.m; sourceTree = "<group>"; };
		A35426F61B806A4C00BD4BFA /* Base */ = {isa = PBXFileReference; lastKnownFileType = file.storyboard; name = Base; path = Base.lproj/Main.storyboard; sourceTree = "<group>"; };
		A35426F81B806A4C00BD4BFA /* Images.xcassets */ = {isa = PBXFileReference; lastKnownFileType = folder.assetcatalog; path = Images.xcassets; sourceTree = "<group>"; };
		A35426FB1B806A4C00BD4BFA /* Base */ = {isa = PBXFileReference; lastKnownFileType = file.xib; name = Base; path = Base.lproj/LaunchScreen.xib; sourceTree = "<group>"; };
		A35427011B806A4C00BD4BFA /* Custom Localization DemoTests.xctest */ = {isa = PBXFileReference; explicitFileType = wrapper.cfbundle; includeInIndex = 0; path = "Custom Localization DemoTests.xctest"; sourceTree = BUILT_PRODUCTS_DIR; };
		A35427061B806A4C00BD4BFA /* Info.plist */ = {isa = PBXFileReference; lastKnownFileType = text.plist.xml; path = Info.plist; sourceTree = "<group>"; };
		A35427071B806A4C00BD4BFA /* Custom_Localization_DemoTests.m */ = {isa = PBXFileReference; lastKnownFileType = sourcecode.c.objc; path = Custom_Localization_DemoTests.m; sourceTree = "<group>"; };
		A35427131B806B5500BD4BFA /* ar */ = {isa = PBXFileReference; lastKnownFileType = text.plist.strings; name = ar; path = ar.lproj/Main.strings; sourceTree = "<group>"; };
		A35427141B806B5500BD4BFA /* ar */ = {isa = PBXFileReference; lastKnownFileType = text.plist.strings; name = ar; path = ar.lproj/LaunchScreen.strings; sourceTree = "<group>"; };
		A35427181B806B6100BD4BFA /* en */ = {isa = PBXFileReference; lastKnownFileType = text.plist.strings; name = en; path = en.lproj/Localizable.strings; sourceTree = "<group>"; };
		A35427191B806B6700BD4BFA /* ar */ = {isa = PBXFileReference; lastKnownFileType = text.plist.strings; name = ar; path = ar.lproj/Localizable.strings; sourceTree = "<group>"; };
		A354271D1B806C6900BD4BFA /* Common.h */ = {isa = PBXFileReference; fileEncoding = 4; lastKnownFileType = sourcecode.c.h; path = Common.h; sourceTree = "<group>"; };
		A354271E1B806C6900BD4BFA /* Common.m */ = {isa = PBXFileReference; fileEncoding = 4; lastKnownFileType = sourcecode.c.objc; path = Common.m; sourceTree = "<group>"; };
/* End PBXFileReference section */

/* Begin PBXFrameworksBuildPhase section */
		A35426E51B806A4C00BD4BFA /* Frameworks */ = {
			isa = PBXFrameworksBuildPhase;
			buildActionMask = 2147483647;
			files = (
			);
			runOnlyForDeploymentPostprocessing = 0;
		};
		A35426FE1B806A4C00BD4BFA /* Frameworks */ = {
			isa = PBXFrameworksBuildPhase;
			buildActionMask = 2147483647;
			files = (
			);
			runOnlyForDeploymentPostprocessing = 0;
		};
/* End PBXFrameworksBuildPhase section */

/* Begin PBXGroup section */
		A35426DF1B806A4B00BD4BFA = {
			isa = PBXGroup;
			children = (
				A35426EA1B806A4C00BD4BFA /* Custom Localization Demo */,
				A35427041B806A4C00BD4BFA /* Custom Localization DemoTests */,
				A35426E91B806A4C00BD4BFA /* Products */,
			);
			sourceTree = "<group>";
		};
		A35426E91B806A4C00BD4BFA /* Products */ = {
			isa = PBXGroup;
			children = (
				A35426E81B806A4C00BD4BFA /* Custom Localization Demo.app */,
				A35427011B806A4C00BD4BFA /* Custom Localization DemoTests.xctest */,
			);
			name = Products;
			sourceTree = "<group>";
		};
		A35426EA1B806A4C00BD4BFA /* Custom Localization Demo */ = {
			isa = PBXGroup;
			children = (
				A354271C1B806C4800BD4BFA /* Common */,
				A354271B1B806C2E00BD4BFA /* Localizabe String */,
				A35426EF1B806A4C00BD4BFA /* AppDelegate.h */,
				A35426F01B806A4C00BD4BFA /* AppDelegate.m */,
				A35426F21B806A4C00BD4BFA /* ViewController.h */,
				A35426F31B806A4C00BD4BFA /* ViewController.m */,
				A35426F51B806A4C00BD4BFA /* Main.storyboard */,
				A35426F81B806A4C00BD4BFA /* Images.xcassets */,
				A35426FA1B806A4C00BD4BFA /* LaunchScreen.xib */,
				A35426EB1B806A4C00BD4BFA /* Supporting Files */,
			);
			path = "Custom Localization Demo";
			sourceTree = "<group>";
		};
		A35426EB1B806A4C00BD4BFA /* Supporting Files */ = {
			isa = PBXGroup;
			children = (
				A35426EC1B806A4C00BD4BFA /* Info.plist */,
				A35426ED1B806A4C00BD4BFA /* main.m */,
			);
			name = "Supporting Files";
			sourceTree = "<group>";
		};
		A35427041B806A4C00BD4BFA /* Custom Localization DemoTests */ = {
			isa = PBXGroup;
			children = (
				A35427071B806A4C00BD4BFA /* Custom_Localization_DemoTests.m */,
				A35427051B806A4C00BD4BFA /* Supporting Files */,
			);
			path = "Custom Localization DemoTests";
			sourceTree = "<group>";
		};
		A35427051B806A4C00BD4BFA /* Supporting Files */ = {
			isa = PBXGroup;
			children = (
				A35427061B806A4C00BD4BFA /* Info.plist */,
			);
			name = "Supporting Files";
			sourceTree = "<group>";
		};
		A354271B1B806C2E00BD4BFA /* Localizabe String */ = {
			isa = PBXGroup;
			children = (
				A35427171B806B5E00BD4BFA /* Localizable.strings */,
			);
			name = "Localizabe String";
			sourceTree = "<group>";
		};
		A354271C1B806C4800BD4BFA /* Common */ = {
			isa = PBXGroup;
			children = (
				A354271D1B806C6900BD4BFA /* Common.h */,
				A354271E1B806C6900BD4BFA /* Common.m */,
			);
			name = Common;
			sourceTree = "<group>";
		};
/* End PBXGroup section */

/* Begin PBXNativeTarget section */
		A35426E71B806A4C00BD4BFA /* Custom Localization Demo */ = {
			isa = PBXNativeTarget;
			buildConfigurationList = A354270B1B806A4C00BD4BFA /* Build configuration list for PBXNativeTarget "Custom Localization Demo" */;
			buildPhases = (
				A35426E41B806A4C00BD4BFA /* Sources */,
				A35426E51B806A4C00BD4BFA /* Frameworks */,
				A35426E61B806A4C00BD4BFA /* Resources */,
			);
			buildRules = (
			);
			dependencies = (
			);
			name = "Custom Localization Demo";
			productName = "Custom Localization Demo";
			productReference = A35426E81B806A4C00BD4BFA /* Custom Localization Demo.app */;
			productType = "com.apple.product-type.application";
		};
		A35427001B806A4C00BD4BFA /* Custom Localization DemoTests */ = {
			isa = PBXNativeTarget;
			buildConfigurationList = A354270E1B806A4C00BD4BFA /* Build configuration list for PBXNativeTarget "Custom Localization DemoTests" */;
			buildPhases = (
				A35426FD1B806A4C00BD4BFA /* Sources */,
				A35426FE1B806A4C00BD4BFA /* Frameworks */,
				A35426FF1B806A4C00BD4BFA /* Resources */,
			);
			buildRules = (
			);
			dependencies = (
				A35427031B806A4C00BD4BFA /* PBXTargetDependency */,
			);
			name = "Custom Localization DemoTests";
			productName = "Custom Localization DemoTests";
			productReference = A35427011B806A4C00BD4BFA /* Custom Localization DemoTests.xctest */;
			productType = "com.apple.product-type.bundle.unit-test";
		};
/* End PBXNativeTarget section */

/* Begin PBXProject section */
		A35426E01B806A4B00BD4BFA /* Project object */ = {
			isa = PBXProject;
			attributes = {
				LastUpgradeCheck = 0640;
				ORGANIZATIONNAME = Temp;
				TargetAttributes = {
					A35426E71B806A4C00BD4BFA = {
						CreatedOnToolsVersion = 6.4;
					};
					A35427001B806A4C00BD4BFA = {
						CreatedOnToolsVersion = 6.4;
						TestTargetID = A35426E71B806A4C00BD4BFA;
					};
				};
			};
			buildConfigurationList = A35426E31B806A4B00BD4BFA /* Build configuration list for PBXProject "Custom Localization Demo" */;
			compatibilityVersion = "Xcode 3.2";
			developmentRegion = English;
			hasScannedForEncodings = 0;
			knownRegions = (
				en,
				Base,
				ar,
			);
			mainGroup = A35426DF1B806A4B00BD4BFA;
			productRefGroup = A35426E91B806A4C00BD4BFA /* Products */;
			projectDirPath = "";
			projectRoot = "";
			targets = (
				A35426E71B806A4C00BD4BFA /* Custom Localization Demo */,
				A35427001B806A4C00BD4BFA /* Custom Localization DemoTests */,
			);
		};
/* End PBXProject section */

/* Begin PBXResourcesBuildPhase section */
		A35426E61B806A4C00BD4BFA /* Resources */ = {
			isa = PBXResourcesBuildPhase;
			buildActionMask = 2147483647;
			files = (
				A35426F71B806A4C00BD4BFA /* Main.storyboard in Resources */,
				A35427151B806B5E00BD4BFA /* Localizable.strings in Resources */,
				A35426FC1B806A4C00BD4BFA /* LaunchScreen.xib in Resources */,
				A35426F91B806A4C00BD4BFA /* Images.xcassets in Resources */,
			);
			runOnlyForDeploymentPostprocessing = 0;
		};
		A35426FF1B806A4C00BD4BFA /* Resources */ = {
			isa = PBXResourcesBuildPhase;
			buildActionMask = 2147483647;
			files = (
			);
			runOnlyForDeploymentPostprocessing = 0;
		};
/* End PBXResourcesBuildPhase section */

/* Begin PBXSourcesBuildPhase section */
		A35426E41B806A4C00BD4BFA /* Sources */ = {
			isa = PBXSourcesBuildPhase;
			buildActionMask = 2147483647;
			files = (
				A354271F1B806C6900BD4BFA /* Common.m in Sources */,
				A35426F41B806A4C00BD4BFA /* ViewController.m in Sources */,
				A35426F11B806A4C00BD4BFA /* AppDelegate.m in Sources */,
				A35426EE1B806A4C00BD4BFA /* main.m in Sources */,
			);
			runOnlyForDeploymentPostprocessing = 0;
		};
		A35426FD1B806A4C00BD4BFA /* Sources */ = {
			isa = PBXSourcesBuildPhase;
			buildActionMask = 2147483647;
			files = (
				A35427081B806A4C00BD4BFA /* Custom_Localization_DemoTests.m in Sources */,
			);
			runOnlyForDeploymentPostprocessing = 0;
		};
/* End PBXSourcesBuildPhase section */

/* Begin PBXTargetDependency section */
		A35427031B806A4C00BD4BFA /* PBXTargetDependency */ = {
			isa = PBXTargetDependency;
			target = A35426E71B806A4C00BD4BFA /* Custom Localization Demo */;
			targetProxy = A35427021B806A4C00BD4BFA /* PBXContainerItemProxy */;
		};
/* End PBXTargetDependency section */

/* Begin PBXVariantGroup section */
		A35426F51B806A4C00BD4BFA /* Main.storyboard */ = {
			isa = PBXVariantGroup;
			children = (
				A35426F61B806A4C00BD4BFA /* Base */,
				A35427131B806B5500BD4BFA /* ar */,
			);
			name = Main.storyboard;
			sourceTree = "<group>";
		};
		A35426FA1B806A4C00BD4BFA /* LaunchScreen.xib */ = {
			isa = PBXVariantGroup;
			children = (
				A35426FB1B806A4C00BD4BFA /* Base */,
				A35427141B806B5500BD4BFA /* ar */,
			);
			name = LaunchScreen.xib;
			sourceTree = "<group>";
		};
		A35427171B806B5E00BD4BFA /* Localizable.strings */ = {
			isa = PBXVariantGroup;
			children = (
				A35427181B806B6100BD4BFA /* en */,
				A35427191B806B6700BD4BFA /* ar */,
			);
			name = Localizable.strings;
			sourceTree = "<group>";
		};
/* End PBXVariantGroup section */

/* Begin XCBuildConfiguration section */
		A35427091B806A4C00BD4BFA /* Debug */ = {
			isa = XCBuildConfiguration;
			buildSettings = {
				ALWAYS_SEARCH_USER_PATHS = NO;
				CLANG_CXX_LANGUAGE_STANDARD = "gnu++0x";
				CLANG_CXX_LIBRARY = "libc++";
				CLANG_ENABLE_MODULES = YES;
				CLANG_ENABLE_OBJC_ARC = YES;
				CLANG_WARN_BOOL_CONVERSION = YES;
				CLANG_WARN_CONSTANT_CONVERSION = YES;
				CLANG_WARN_DIRECT_OBJC_ISA_USAGE = YES_ERROR;
				CLANG_WARN_EMPTY_BODY = YES;
				CLANG_WARN_ENUM_CONVERSION = YES;
				CLANG_WARN_INT_CONVERSION = YES;
				CLANG_WARN_OBJC_ROOT_CLASS = YES_ERROR;
				CLANG_WARN_UNREACHABLE_CODE = YES;
				CLANG_WARN__DUPLICATE_METHOD_MATCH = YES;
				CODE_SIGN_IDENTITY = "iPhone Developer: SIYAD E (F9JR6GHAJ7)";
				"CODE_SIGN_IDENTITY[sdk=iphoneos*]" = "iPhone Developer: SIYAD E (F9JR6GHAJ7)";
				COPY_PHASE_STRIP = NO;
				DEBUG_INFORMATION_FORMAT = "dwarf-with-dsym";
				ENABLE_STRICT_OBJC_MSGSEND = YES;
				GCC_C_LANGUAGE_STANDARD = gnu99;
				GCC_DYNAMIC_NO_PIC = NO;
				GCC_NO_COMMON_BLOCKS = YES;
				GCC_OPTIMIZATION_LEVEL = 0;
				GCC_PREPROCESSOR_DEFINITIONS = (
					"DEBUG=1",
					"$(inherited)",
				);
				GCC_SYMBOLS_PRIVATE_EXTERN = NO;
				GCC_WARN_64_TO_32_BIT_CONVERSION = YES;
				GCC_WARN_ABOUT_RETURN_TYPE = YES_ERROR;
				GCC_WARN_UNDECLARED_SELECTOR = YES;
				GCC_WARN_UNINITIALIZED_AUTOS = YES_AGGRESSIVE;
				GCC_WARN_UNUSED_FUNCTION = YES;
				GCC_WARN_UNUSED_VARIABLE = YES;
				IPHONEOS_DEPLOYMENT_TARGET = 7.0;
				MTL_ENABLE_DEBUG_INFO = YES;
				ONLY_ACTIVE_ARCH = YES;
				SDKROOT = iphoneos;
			};
			name = Debug;
		};
		A354270A1B806A4C00BD4BFA /* Release */ = {
			isa = XCBuildConfiguration;
			buildSettings = {
				ALWAYS_SEARCH_USER_PATHS = NO;
				CLANG_CXX_LANGUAGE_STANDARD = "gnu++0x";
				CLANG_CXX_LIBRARY = "libc++";
				CLANG_ENABLE_MODULES = YES;
				CLANG_ENABLE_OBJC_ARC = YES;
				CLANG_WARN_BOOL_CONVERSION = YES;
				CLANG_WARN_CONSTANT_CONVERSION = YES;
				CLANG_WARN_DIRECT_OBJC_ISA_USAGE = YES_ERROR;
				CLANG_WARN_EMPTY_BODY = YES;
				CLANG_WARN_ENUM_CONVERSION = YES;
				CLANG_WARN_INT_CONVERSION = YES;
				CLANG_WARN_OBJC_ROOT_CLASS = YES_ERROR;
				CLANG_WARN_UNREACHABLE_CODE = YES;
				CLANG_WARN__DUPLICATE_METHOD_MATCH = YES;
				CODE_SIGN_IDENTITY = "iPhone Developer: SIYAD E (F9JR6GHAJ7)";
				"CODE_SIGN_IDENTITY[sdk=iphoneos*]" = "iPhone Developer: SIYAD E (F9JR6GHAJ7)";
				COPY_PHASE_STRIP = NO;
				DEBUG_INFORMATION_FORMAT = "dwarf-with-dsym";
				ENABLE_NS_ASSERTIONS = NO;
				ENABLE_STRICT_OBJC_MSGSEND = YES;
				GCC_C_LANGUAGE_STANDARD = gnu99;
				GCC_NO_COMMON_BLOCKS = YES;
				GCC_WARN_64_TO_32_BIT_CONVERSION = YES;
				GCC_WARN_ABOUT_RETURN_TYPE = YES_ERROR;
				GCC_WARN_UNDECLARED_SELECTOR = YES;
				GCC_WARN_UNINITIALIZED_AUTOS = YES_AGGRESSIVE;
				GCC_WARN_UNUSED_FUNCTION = YES;
				GCC_WARN_UNUSED_VARIABLE = YES;
				IPHONEOS_DEPLOYMENT_TARGET = 7.0;
				MTL_ENABLE_DEBUG_INFO = NO;
				SDKROOT = iphoneos;
				VALIDATE_PRODUCT = YES;
			};
			name = Release;
		};
		A354270C1B806A4C00BD4BFA /* Debug */ = {
			isa = XCBuildConfiguration;
			buildSettings = {
				ASSETCATALOG_COMPILER_APPICON_NAME = AppIcon;
				INFOPLIST_FILE = "Custom Localization Demo/Info.plist";
				IPHONEOS_DEPLOYMENT_TARGET = 7.0;
				LD_RUNPATH_SEARCH_PATHS = "$(inherited) @executable_path/Frameworks";
				PRODUCT_NAME = "$(TARGET_NAME)";
			};
			name = Debug;
		};
		A354270D1B806A4C00BD4BFA /* Release */ = {
			isa = XCBuildConfiguration;
			buildSettings = {
				ASSETCATALOG_COMPILER_APPICON_NAME = AppIcon;
				INFOPLIST_FILE = "Custom Localization Demo/Info.plist";
				IPHONEOS_DEPLOYMENT_TARGET = 7.0;
				LD_RUNPATH_SEARCH_PATHS = "$(inherited) @executable_path/Frameworks";
				PRODUCT_NAME = "$(TARGET_NAME)";
			};
			name = Release;
		};
		A354270F1B806A4C00BD4BFA /* Debug */ = {
			isa = XCBuildConfiguration;
			buildSettings = {
				BUNDLE_LOADER = "$(TEST_HOST)";
				FRAMEWORK_SEARCH_PATHS = (
					"$(SDKROOT)/Developer/Library/Frameworks",
					"$(inherited)",
				);
				GCC_PREPROCESSOR_DEFINITIONS = (
					"DEBUG=1",
					"$(inherited)",
				);
				INFOPLIST_FILE = "Custom Localization DemoTests/Info.plist";
				LD_RUNPATH_SEARCH_PATHS = "$(inherited) @executable_path/Frameworks @loader_path/Frameworks";
				PRODUCT_NAME = "$(TARGET_NAME)";
				TEST_HOST = "$(BUILT_PRODUCTS_DIR)/Custom Localization Demo.app/Custom Localization Demo";
			};
			name = Debug;
		};
		A35427101B806A4C00BD4BFA /* Release */ = {
			isa = XCBuildConfiguration;
			buildSettings = {
				BUNDLE_LOADER = "$(TEST_HOST)";
				FRAMEWORK_SEARCH_PATHS = (
					"$(SDKROOT)/Developer/Library/Frameworks",
					"$(inherited)",
				);
				INFOPLIST_FILE = "Custom Localization DemoTests/Info.plist";
				LD_RUNPATH_SEARCH_PATHS = "$(inherited) @executable_path/Frameworks @loader_path/Frameworks";
				PRODUCT_NAME = "$(TARGET_NAME)";
				TEST_HOST = "$(BUILT_PRODUCTS_DIR)/Custom Localization Demo.app/Custom Localization Demo";
			};
			name = Release;
		};
/* End XCBuildConfiguration section */

/* Begin XCConfigurationList section */
		A35426E31B806A4B00BD4BFA /* Build configuration list for PBXProject "Custom Localization Demo" */ = {
			isa = XCConfigurationList;
			buildConfigurations = (
				A35427091B806A4C00BD4BFA /* Debug */,
				A354270A1B806A4C00BD4BFA /* Release */,
			);
			defaultConfigurationIsVisible = 0;
			defaultConfigurationName = Release;
		};
		A354270B1B806A4C00BD4BFA /* Build configuration list for PBXNativeTarget "Custom Localization Demo" */ = {
			isa = XCConfigurationList;
			buildConfigurations = (
				A354270C1B806A4C00BD4BFA /* Debug */,
				A354270D1B806A4C00BD4BFA /* Release */,
			);
			defaultConfigurationIsVisible = 0;
			defaultConfigurationName = Release;
		};
		A354270E1B806A4C00BD4BFA /* Build configuration list for PBXNativeTarget "Custom Localization DemoTests" */ = {
			isa = XCConfigurationList;
			buildConfigurations = (
				A354270F1B806A4C00BD4BFA /* Debug */,
				A35427101B806A4C00BD4BFA /* Release */,
			);
			defaultConfigurationIsVisible = 0;
			defaultConfigurationName = Release;
		};
/* End XCConfigurationList section */
	};
	rootObject = A35426E01B806A4B00BD4BFA /* Project object */;
}
